
Microsoft Visual Studio Solution File, Format Version 12.00
# Visual Studio Version 17
VisualStudioVersion = 17.2.32630.192
MinimumVisualStudioVersion = 10.0.40219.1
Project("{FAE04EC0-301F-11D3-BF4B-00C04F79EFBC}") = "Craaazy Space Survival Shooter to the X-treme 2000", "Craaazy Space Survival Shooter to the X-treme 2000.csproj", "{E169D42F-8FF3-4FC6-A27F-D368C34ACBC9}"
EndProject
Global
	GlobalSection(SolutionConfigurationPlatforms) = preSolution
		Debug|Any CPU = Debug|Any CPU
		Release|Any CPU = Release|Any CPU
	EndGlobalSection
	GlobalSection(ProjectConfigurationPlatforms) = postSolution
		{E169D42F-8FF3-4FC6-A27F-D368C34ACBC9}.Debug|Any CPU.ActiveCfg = Debug|Any CPU
		{E169D42F-8FF3-4FC6-A27F-D368C34ACBC9}.Debug|Any CPU.Build.0 = Debug|Any CPU
		{E169D42F-8FF3-4FC6-A27F-D368C34ACBC9}.Release|Any CPU.ActiveCfg = Release|Any CPU
		{E169D42F-8FF3-4FC6-A27F-D368C34ACBC9}.Release|Any CPU.Build.0 = Release|Any CPU
	EndGlobalSection
	GlobalSection(SolutionProperties) = preSolution
		HideSolutionNode = FALSE
	EndGlobalSection
	GlobalSection(ExtensibilityGlobals) = postSolution
		SolutionGuid = {A21CE603-9A5E-4E3A-9ED7-45A3FA33FBF8}
	EndGlobalSection
EndGlobal
